{
    "_readme": [
        "This file locks the dependencies of your project to a known state",
        "Read more about it at https://getcomposer.org/doc/01-basic-usage.md#composer-lock-the-lock-file",
        "This file is @generated automatically"
    ],
    "hash": "df295a506f5a07c689958ec8a4a3ecf5",
    "content-hash": "9ac3a610371ca9b3d97e0c3f1768a40d",
    "packages": [
        {
            "name": "composer/installers",
            "version": "v1.2.0",
            "source": {
                "type": "git",
                "url": "https://github.com/composer/installers.git",
                "reference": "d78064c68299743e0161004f2de3a0204e33b804"
            },
            "dist": {
                "type": "zip",
                "url": "https://api.github.com/repos/composer/installers/zipball/d78064c68299743e0161004f2de3a0204e33b804",
                "reference": "d78064c68299743e0161004f2de3a0204e33b804",
                "shasum": ""
            },
            "require": {
                "composer-plugin-api": "^1.0"
            },
            "replace": {
                "roundcube/plugin-installer": "*",
                "shama/baton": "*"
            },
            "require-dev": {
                "composer/composer": "1.0.*@dev",
                "phpunit/phpunit": "4.1.*"
            },
            "type": "composer-plugin",
            "extra": {
                "class": "Composer\\Installers\\Plugin",
                "branch-alias": {
                    "dev-master": "1.0-dev"
                }
            },
            "autoload": {
                "psr-4": {
                    "Composer\\Installers\\": "src/Composer/Installers"
                }
            },
            "notification-url": "https://packagist.org/downloads/",
            "license": [
                "MIT"
            ],
            "authors": [
                {
                    "name": "Kyle Robinson Young",
                    "email": "kyle@dontkry.com",
                    "homepage": "https://github.com/shama"
                }
            ],
            "description": "A multi-framework Composer library installer",
            "homepage": "https://composer.github.io/installers/",
            "keywords": [
                "Craft",
                "Dolibarr",
                "Hurad",
                "ImageCMS",
                "MODX Evo",
                "Mautic",
                "OXID",
                "Plentymarkets",
                "RadPHP",
                "SMF",
                "Thelia",
                "WolfCMS",
                "agl",
                "aimeos",
                "annotatecms",
                "attogram",
                "bitrix",
                "cakephp",
                "chef",
                "cockpit",
                "codeigniter",
                "concrete5",
                "croogo",
                "dokuwiki",
                "drupal",
                "elgg",
                "expressionengine",
                "fuelphp",
                "grav",
                "installer",
                "joomla",
                "kohana",
                "laravel",
                "lithium",
                "magento",
                "mako",
                "mediawiki",
                "modulework",
                "moodle",
                "phpbb",
                "piwik",
                "ppi",
                "puppet",
                "reindex",
                "roundcube",
                "shopware",
                "silverstripe",
                "symfony",
                "typo3",
                "wordpress",
                "yawik",
                "zend",
                "zikula"
            ],
            "time": "2016-08-13 20:53:52"
        },
        {
            "name": "voceconnect/voce-post-meta",
            "version": "1.9.2",
            "source": {
                "type": "git",
                "url": "https://github.com/voceconnect/voce-post-meta.git",
                "reference": "2cc8c4d53cfbf882357b83ca59538daaa4bae99e"
            },
            "dist": {
                "type": "zip",
                "url": "https://api.github.com/repos/voceconnect/voce-post-meta/zipball/2cc8c4d53cfbf882357b83ca59538daaa4bae99e",
                "reference": "2cc8c4d53cfbf882357b83ca59538daaa4bae99e",
                "shasum": ""
            },
            "type": "library",
            "autoload": {
                "files": [
                    "voce-post-meta.php"
                ]
            },
            "notification-url": "https://packagist.org/downloads/",
            "license": [
                "GPLv2+"
            ],
            "authors": [
                {
                    "name": "Kevin Langley Jr",
                    "email": "klangley@voceconnect.com"
                },
                {
                    "name": "Jeff Stieler",
                    "email": "jeff@voceconnect.com"
                },
                {
                    "name": "Mark Parolisi",
                    "email": "mark@voceconnect.com"
                },
                {
                    "name": "Gary Smirny",
                    "email": "gary@voceconnect.com"
                },
                {
                    "name": "Sean McCafferty",
                    "email": "seanmcc@voceconnect.com"
                },
                {
                    "name": "Michael Pretty",
                    "email": "mpretty@voceconnect.com"
                }
            ],
            "description": "Easily create post metaboxes and add fields",
            "keywords": [
                "post meta",
                "wordpress"
            ],
            "time": "2015-06-22 16:38:32"
        },
        {
            "name": "voceconnect/wp-dependencies",
            "version": "0.2.0",
            "source": {
                "type": "git",
                "url": "https://github.com/voceconnect/wp-dependencies.git",
                "reference": "5a1a0e6f743bb69dc165c7647141034678a0d8e3"
            },
            "dist": {
                "type": "zip",
                "url": "https://api.github.com/repos/voceconnect/wp-dependencies/zipball/5a1a0e6f743bb69dc165c7647141034678a0d8e3",
                "reference": "5a1a0e6f743bb69dc165c7647141034678a0d8e3",
                "shasum": ""
            },
            "require": {
                "php": ">=5.2.4"
            },
            "type": "library",
            "autoload": {
                "classmap": [
                    "class-wp-dependency-loader.php"
                ],
                "files": [
                    "wp-composition.php"
                ]
            },
            "notification-url": "https://packagist.org/downloads/",
            "license": [
                "GPL-2.0+"
            ],
            "authors": [
                {
                    "name": "Michael Prettty",
                    "email": "mpretty@voceconnect.com"
                }
            ],
            "description": "A composer package for WordPress to help manage plugin dependencies.",
            "time": "2015-07-13 15:34:49"
        },
        {
            "name": "wpackagist-plugin/multiple-post-thumbnails",
            "version": "1.6.6",
            "source": {
                "type": "svn",
                "url": "http://plugins.svn.wordpress.org/multiple-post-thumbnails/",
                "reference": "trunk"
            },
            "dist": {
                "type": "zip",
                "url": "https://downloads.wordpress.org/plugin/multiple-post-thumbnails.zip",
                "reference": null,
                "shasum": null
            },
            "require": {
                "composer/installers": "~1.0"
            },
            "type": "wordpress-plugin",
            "homepage": "https://wordpress.org/plugins/multiple-post-thumbnails/"
        }
    ],
    "packages-dev": [],
    "aliases": [],
    "minimum-stability": "stable",
    "stability-flags": [],
    "prefer-stable": false,
    "prefer-lowest": false,
    "platform": [],
    "platform-dev": []
}
